// !$*UTF8*$!
{
	archiveVersion = 1;
	classes = {
	};
	objectVersion = 56;
	objects = {

/* Begin PBXBuildFile section */
		BB9CCAD32C52877000EC3707 /* EquipmentListView.swift in Sources */ = {isa = PBXBuildFile; fileRef = BB9CCACD2C52877000EC3707 /* EquipmentListView.swift */; };
		BB9CCADB2C52886E00EC3707 /* TrainingLogView.swift in Sources */ = {isa = PBXBuildFile; fileRef = BB9CCADA2C52886E00EC3707 /* TrainingLogView.swift */; };
		BB9CCADD2C5288A600EC3707 /* AddTrainingSetView.swift in Sources */ = {isa = PBXBuildFile; fileRef = BB9CCADC2C5288A600EC3707 /* AddTrainingSetView.swift */; };
		BB9CCADF2C5288FD00EC3707 /* EnlargedImageView.swift in Sources */ = {isa = PBXBuildFile; fileRef = BB9CCADE2C5288FD00EC3707 /* EnlargedImageView.swift */; };
		BB9CCAE12C52892200EC3707 /* AddEquipmentView.swift in Sources */ = {isa = PBXBuildFile; fileRef = BB9CCAE02C52892200EC3707 /* AddEquipmentView.swift */; };
		BB9CCAE32C52895400EC3707 /* ImagePicker.swift in Sources */ = {isa = PBXBuildFile; fileRef = BB9CCAE22C52895400EC3707 /* ImagePicker.swift */; };
		BB9CCAE52C52896E00EC3707 /* ManageMusclesView.swift in Sources */ = {isa = PBXBuildFile; fileRef = BB9CCAE42C52896E00EC3707 /* ManageMusclesView.swift */; };
		BB9CCAE72C52898D00EC3707 /* ManageSubMusclesView.swift in Sources */ = {isa = PBXBuildFile; fileRef = BB9CCAE62C52898D00EC3707 /* ManageSubMusclesView.swift */; };
		BB9CCAE82C52913F00EC3707 /* DataManager.swift in Sources */ = {isa = PBXBuildFile; fileRef = BB9CCAD82C52881E00EC3707 /* DataManager.swift */; };
		BBD90CAA2C4EAF9F004FE536 /* fitnessApp.swift in Sources */ = {isa = PBXBuildFile; fileRef = BBD90CA92C4EAF9F004FE536 /* fitnessApp.swift */; };
		BBD90CAC2C4EAF9F004FE536 /* ContentView.swift in Sources */ = {isa = PBXBuildFile; fileRef = BBD90CAB2C4EAF9F004FE536 /* ContentView.swift */; };
		BBD90CAE2C4EAFA1004FE536 /* Assets.xcassets in Resources */ = {isa = PBXBuildFile; fileRef = BBD90CAD2C4EAFA1004FE536 /* Assets.xcassets */; };
		BBD90CB22C4EAFA1004FE536 /* Preview Assets.xcassets in Resources */ = {isa = PBXBuildFile; fileRef = BBD90CB12C4EAFA1004FE536 /* Preview Assets.xcassets */; };
/* End PBXBuildFile section */

/* Begin PBXFileReference section */
		BB9CCACD2C52877000EC3707 /* EquipmentListView.swift */ = {isa = PBXFileReference; fileEncoding = 4; lastKnownFileType = sourcecode.swift; path = EquipmentListView.swift; sourceTree = "<group>"; };
		BB9CCAD82C52881E00EC3707 /* DataManager.swift */ = {isa = PBXFileReference; lastKnownFileType = sourcecode.swift; path = DataManager.swift; sourceTree = "<group>"; };
		BB9CCADA2C52886E00EC3707 /* TrainingLogView.swift */ = {isa = PBXFileReference; lastKnownFileType = sourcecode.swift; path = TrainingLogView.swift; sourceTree = "<group>"; };
		BB9CCADC2C5288A600EC3707 /* AddTrainingSetView.swift */ = {isa = PBXFileReference; lastKnownFileType = sourcecode.swift; path = AddTrainingSetView.swift; sourceTree = "<group>"; };
		BB9CCADE2C5288FD00EC3707 /* EnlargedImageView.swift */ = {isa = PBXFileReference; lastKnownFileType = sourcecode.swift; path = EnlargedImageView.swift; sourceTree = "<group>"; };
		BB9CCAE02C52892200EC3707 /* AddEquipmentView.swift */ = {isa = PBXFileReference; lastKnownFileType = sourcecode.swift; path = AddEquipmentView.swift; sourceTree = "<group>"; };
		BB9CCAE22C52895400EC3707 /* ImagePicker.swift */ = {isa = PBXFileReference; lastKnownFileType = sourcecode.swift; path = ImagePicker.swift; sourceTree = "<group>"; };
		BB9CCAE42C52896E00EC3707 /* ManageMusclesView.swift */ = {isa = PBXFileReference; lastKnownFileType = sourcecode.swift; path = ManageMusclesView.swift; sourceTree = "<group>"; };
		BB9CCAE62C52898D00EC3707 /* ManageSubMusclesView.swift */ = {isa = PBXFileReference; lastKnownFileType = sourcecode.swift; path = ManageSubMusclesView.swift; sourceTree = "<group>"; };
		BBD90CA62C4EAF9F004FE536 /* fitness.app */ = {isa = PBXFileReference; explicitFileType = wrapper.application; includeInIndex = 0; path = fitness.app; sourceTree = BUILT_PRODUCTS_DIR; };
		BBD90CA92C4EAF9F004FE536 /* fitnessApp.swift */ = {isa = PBXFileReference; lastKnownFileType = sourcecode.swift; path = fitnessApp.swift; sourceTree = "<group>"; };
		BBD90CAB2C4EAF9F004FE536 /* ContentView.swift */ = {isa = PBXFileReference; lastKnownFileType = sourcecode.swift; path = ContentView.swift; sourceTree = "<group>"; };
		BBD90CAD2C4EAFA1004FE536 /* Assets.xcassets */ = {isa = PBXFileReference; lastKnownFileType = folder.assetcatalog; path = Assets.xcassets; sourceTree = "<group>"; };
		BBD90CAF2C4EAFA1004FE536 /* fitness.entitlements */ = {isa = PBXFileReference; lastKnownFileType = text.plist.entitlements; path = fitness.entitlements; sourceTree = "<group>"; };
		BBD90CB12C4EAFA1004FE536 /* Preview Assets.xcassets */ = {isa = PBXFileReference; lastKnownFileType = folder.assetcatalog; path = "Preview Assets.xcassets"; sourceTree = "<group>"; };
/* End PBXFileReference section */

/* Begin PBXFrameworksBuildPhase section */
		BBD90CA32C4EAF9F004FE536 /* Frameworks */ = {
			isa = PBXFrameworksBuildPhase;
			buildActionMask = 2147483647;
			files = (
			);
			runOnlyForDeploymentPostprocessing = 0;
		};
/* End PBXFrameworksBuildPhase section */

/* Begin PBXGroup section */
		BBD90C9D2C4EAF9E004FE536 = {
			isa = PBXGroup;
			children = (
				BBD90CA82C4EAF9F004FE536 /* fitness */,
				BBD90CA72C4EAF9F004FE536 /* Products */,
			);
			sourceTree = "<group>";
		};
		BBD90CA72C4EAF9F004FE536 /* Products */ = {
			isa = PBXGroup;
			children = (
				BBD90CA62C4EAF9F004FE536 /* fitness.app */,
			);
			name = Products;
			sourceTree = "<group>";
		};
		BBD90CA82C4EAF9F004FE536 /* fitness */ = {
			isa = PBXGroup;
			children = (
				BB9CCADE2C5288FD00EC3707 /* EnlargedImageView.swift */,
				BB9CCAE62C52898D00EC3707 /* ManageSubMusclesView.swift */,
				BB9CCAE42C52896E00EC3707 /* ManageMusclesView.swift */,
				BB9CCAE22C52895400EC3707 /* ImagePicker.swift */,
				BB9CCAE02C52892200EC3707 /* AddEquipmentView.swift */,
				BB9CCADC2C5288A600EC3707 /* AddTrainingSetView.swift */,
				BB9CCADA2C52886E00EC3707 /* TrainingLogView.swift */,
				BB9CCACD2C52877000EC3707 /* EquipmentListView.swift */,
				BB9CCAD82C52881E00EC3707 /* DataManager.swift */,
				BBD90CA92C4EAF9F004FE536 /* fitnessApp.swift */,
				BBD90CAB2C4EAF9F004FE536 /* ContentView.swift */,
				BBD90CAD2C4EAFA1004FE536 /* Assets.xcassets */,
				BBD90CAF2C4EAFA1004FE536 /* fitness.entitlements */,
				BBD90CB02C4EAFA1004FE536 /* Preview Content */,
			);
			path = fitness;
			sourceTree = "<group>";
		};
		BBD90CB02C4EAFA1004FE536 /* Preview Content */ = {
			isa = PBXGroup;
			children = (
				BBD90CB12C4EAFA1004FE536 /* Preview Assets.xcassets */,
			);
			path = "Preview Content";
			sourceTree = "<group>";
		};
/* End PBXGroup section */

/* Begin PBXNativeTarget section */
		BBD90CA52C4EAF9F004FE536 /* fitness */ = {
			isa = PBXNativeTarget;
			buildConfigurationList = BBD90CB52C4EAFA1004FE536 /* Build configuration list for PBXNativeTarget "fitness" */;
			buildPhases = (
				BBD90CA22C4EAF9F004FE536 /* Sources */,
				BBD90CA32C4EAF9F004FE536 /* Frameworks */,
				BBD90CA42C4EAF9F004FE536 /* Resources */,
			);
			buildRules = (
			);
			dependencies = (
			);
			name = fitness;
			productName = fitness;
			productReference = BBD90CA62C4EAF9F004FE536 /* fitness.app */;
			productType = "com.apple.product-type.application";
		};
/* End PBXNativeTarget section */

/* Begin PBXProject section */
		BBD90C9E2C4EAF9E004FE536 /* Project object */ = {
			isa = PBXProject;
			attributes = {
				BuildIndependentTargetsInParallel = 1;
				LastSwiftUpdateCheck = 1520;
				LastUpgradeCheck = 1540;
				TargetAttributes = {
					BBD90CA52C4EAF9F004FE536 = {
						CreatedOnToolsVersion = 15.2;
					};
				};
			};
			buildConfigurationList = BBD90CA12C4EAF9E004FE536 /* Build configuration list for PBXProject "fitness" */;
			compatibilityVersion = "Xcode 14.0";
			developmentRegion = en;
			hasScannedForEncodings = 0;
			knownRegions = (
				en,
				Base,
			);
			mainGroup = BBD90C9D2C4EAF9E004FE536;
			productRefGroup = BBD90CA72C4EAF9F004FE536 /* Products */;
			projectDirPath = "";
			projectRoot = "";
			targets = (
				BBD90CA52C4EAF9F004FE536 /* fitness */,
			);
		};
/* End PBXProject section */

/* Begin PBXResourcesBuildPhase section */
		BBD90CA42C4EAF9F004FE536 /* Resources */ = {
			isa = PBXResourcesBuildPhase;
			buildActionMask = 2147483647;
			files = (
				BBD90CB22C4EAFA1004FE536 /* Preview Assets.xcassets in Resources */,
				BBD90CAE2C4EAFA1004FE536 /* Assets.xcassets in Resources */,
			);
			runOnlyForDeploymentPostprocessing = 0;
		};
/* End PBXResourcesBuildPhase section */

/* Begin PBXSourcesBuildPhase section */
		BBD90CA22C4EAF9F004FE536 /* Sources */ = {
			isa = PBXSourcesBuildPhase;
			buildActionMask = 2147483647;
			files = (
				BB9CCAE52C52896E00EC3707 /* ManageMusclesView.swift in Sources */,
				BB9CCADB2C52886E00EC3707 /* TrainingLogView.swift in Sources */,
				BB9CCADD2C5288A600EC3707 /* AddTrainingSetView.swift in Sources */,
				BB9CCADF2C5288FD00EC3707 /* EnlargedImageView.swift in Sources */,
				BB9CCAE32C52895400EC3707 /* ImagePicker.swift in Sources */,
				BB9CCAD32C52877000EC3707 /* EquipmentListView.swift in Sources */,
				BB9CCAE12C52892200EC3707 /* AddEquipmentView.swift in Sources */,
				BBD90CAC2C4EAF9F004FE536 /* ContentView.swift in Sources */,
				BB9CCAE82C52913F00EC3707 /* DataManager.swift in Sources */,
				BB9CCAE72C52898D00EC3707 /* ManageSubMusclesView.swift in Sources */,
				BBD90CAA2C4EAF9F004FE536 /* fitnessApp.swift in Sources */,
			);
			runOnlyForDeploymentPostprocessing = 0;
		};
/* End PBXSourcesBuildPhase section */

/* Begin XCBuildConfiguration section */
		BBD90CB32C4EAFA1004FE536 /* Debug */ = {
			isa = XCBuildConfiguration;
			buildSettings = {
				ALWAYS_SEARCH_USER_PATHS = NO;
				ASSETCATALOG_COMPILER_GENERATE_SWIFT_ASSET_SYMBOL_EXTENSIONS = YES;
				CLANG_ANALYZER_NONNULL = YES;
				CLANG_ANALYZER_NUMBER_OBJECT_CONVERSION = YES_AGGRESSIVE;
				CLANG_CXX_LANGUAGE_STANDARD = "gnu++20";
				CLANG_ENABLE_MODULES = YES;
				CLANG_ENABLE_OBJC_ARC = YES;
				CLANG_ENABLE_OBJC_WEAK = YES;
				CLANG_WARN_BLOCK_CAPTURE_AUTORELEASING = YES;
				CLANG_WARN_BOOL_CONVERSION = YES;
				CLANG_WARN_COMMA = YES;
				CLANG_WARN_CONSTANT_CONVERSION = YES;
				CLANG_WARN_DEPRECATED_OBJC_IMPLEMENTATIONS = YES;
				CLANG_WARN_DIRECT_OBJC_ISA_USAGE = YES_ERROR;
				CLANG_WARN_DOCUMENTATION_COMMENTS = YES;
				CLANG_WARN_EMPTY_BODY = YES;
				CLANG_WARN_ENUM_CONVERSION = YES;
				CLANG_WARN_INFINITE_RECURSION = YES;
				CLANG_WARN_INT_CONVERSION = YES;
				CLANG_WARN_NON_LITERAL_NULL_CONVERSION = YES;
				CLANG_WARN_OBJC_IMPLICIT_RETAIN_SELF = YES;
				CLANG_WARN_OBJC_LITERAL_CONVERSION = YES;
				CLANG_WARN_OBJC_ROOT_CLASS = YES_ERROR;
				CLANG_WARN_QUOTED_INCLUDE_IN_FRAMEWORK_HEADER = YES;
				CLANG_WARN_RANGE_LOOP_ANALYSIS = YES;
				CLANG_WARN_STRICT_PROTOTYPES = YES;
				CLANG_WARN_SUSPICIOUS_MOVE = YES;
				CLANG_WARN_UNGUARDED_AVAILABILITY = YES_AGGRESSIVE;
				CLANG_WARN_UNREACHABLE_CODE = YES;
				CLANG_WARN__DUPLICATE_METHOD_MATCH = YES;
				COPY_PHASE_STRIP = NO;
				DEAD_CODE_STRIPPING = YES;
				DEBUG_INFORMATION_FORMAT = dwarf;
				ENABLE_STRICT_OBJC_MSGSEND = YES;
				ENABLE_TESTABILITY = YES;
				ENABLE_USER_SCRIPT_SANDBOXING = YES;
				GCC_C_LANGUAGE_STANDARD = gnu17;
				GCC_DYNAMIC_NO_PIC = NO;
				GCC_NO_COMMON_BLOCKS = YES;
				GCC_OPTIMIZATION_LEVEL = 0;
				GCC_PREPROCESSOR_DEFINITIONS = (
					"DEBUG=1",
					"$(inherited)",
				);
				GCC_WARN_64_TO_32_BIT_CONVERSION = YES;
				GCC_WARN_ABOUT_RETURN_TYPE = YES_ERROR;
				GCC_WARN_UNDECLARED_SELECTOR = YES;
				GCC_WARN_UNINITIALIZED_AUTOS = YES_AGGRESSIVE;
				GCC_WARN_UNUSED_FUNCTION = YES;
				GCC_WARN_UNUSED_VARIABLE = YES;
				LOCALIZATION_PREFERS_STRING_CATALOGS = YES;
				MTL_ENABLE_DEBUG_INFO = INCLUDE_SOURCE;
				MTL_FAST_MATH = YES;
				ONLY_ACTIVE_ARCH = YES;
				SWIFT_ACTIVE_COMPILATION_CONDITIONS = "DEBUG $(inherited)";
				SWIFT_OPTIMIZATION_LEVEL = "-Onone";
			};
			name = Debug;
		};
		BBD90CB42C4EAFA1004FE536 /* Release */ = {
			isa = XCBuildConfiguration;
			buildSettings = {
				ALWAYS_SEARCH_USER_PATHS = NO;
				ASSETCATALOG_COMPILER_GENERATE_SWIFT_ASSET_SYMBOL_EXTENSIONS = YES;
				CLANG_ANALYZER_NONNULL = YES;
				CLANG_ANALYZER_NUMBER_OBJECT_CONVERSION = YES_AGGRESSIVE;
				CLANG_CXX_LANGUAGE_STANDARD = "gnu++20";
				CLANG_ENABLE_MODULES = YES;
				CLANG_ENABLE_OBJC_ARC = YES;
				CLANG_ENABLE_OBJC_WEAK = YES;
				CLANG_WARN_BLOCK_CAPTURE_AUTORELEASING = YES;
				CLANG_WARN_BOOL_CONVERSION = YES;
				CLANG_WARN_COMMA = YES;
				CLANG_WARN_CONSTANT_CONVERSION = YES;
				CLANG_WARN_DEPRECATED_OBJC_IMPLEMENTATIONS = YES;
				CLANG_WARN_DIRECT_OBJC_ISA_USAGE = YES_ERROR;
				CLANG_WARN_DOCUMENTATION_COMMENTS = YES;
				CLANG_WARN_EMPTY_BODY = YES;
				CLANG_WARN_ENUM_CONVERSION = YES;
				CLANG_WARN_INFINITE_RECURSION = YES;
				CLANG_WARN_INT_CONVERSION = YES;
				CLANG_WARN_NON_LITERAL_NULL_CONVERSION = YES;
				CLANG_WARN_OBJC_IMPLICIT_RETAIN_SELF = YES;
				CLANG_WARN_OBJC_LITERAL_CONVERSION = YES;
				CLANG_WARN_OBJC_ROOT_CLASS = YES_ERROR;
				CLANG_WARN_QUOTED_INCLUDE_IN_FRAMEWORK_HEADER = YES;
				CLANG_WARN_RANGE_LOOP_ANALYSIS = YES;
				CLANG_WARN_STRICT_PROTOTYPES = YES;
				CLANG_WARN_SUSPICIOUS_MOVE = YES;
				CLANG_WARN_UNGUARDED_AVAILABILITY = YES_AGGRESSIVE;
				CLANG_WARN_UNREACHABLE_CODE = YES;
				CLANG_WARN__DUPLICATE_METHOD_MATCH = YES;
				COPY_PHASE_STRIP = NO;
				DEAD_CODE_STRIPPING = YES;
				DEBUG_INFORMATION_FORMAT = "dwarf-with-dsym";
				ENABLE_NS_ASSERTIONS = NO;
				ENABLE_STRICT_OBJC_MSGSEND = YES;
				ENABLE_USER_SCRIPT_SANDBOXING = YES;
				GCC_C_LANGUAGE_STANDARD = gnu17;
				GCC_NO_COMMON_BLOCKS = YES;
				GCC_WARN_64_TO_32_BIT_CONVERSION = YES;
				GCC_WARN_ABOUT_RETURN_TYPE = YES_ERROR;
				GCC_WARN_UNDECLARED_SELECTOR = YES;
				GCC_WARN_UNINITIALIZED_AUTOS = YES_AGGRESSIVE;
				GCC_WARN_UNUSED_FUNCTION = YES;
				GCC_WARN_UNUSED_VARIABLE = YES;
				LOCALIZATION_PREFERS_STRING_CATALOGS = YES;
				MTL_ENABLE_DEBUG_INFO = NO;
				MTL_FAST_MATH = YES;
				SWIFT_COMPILATION_MODE = wholemodule;
			};
			name = Release;
		};
		BBD90CB62C4EAFA1004FE536 /* Debug */ = {
			isa = XCBuildConfiguration;
			buildSettings = {
				ASSETCATALOG_COMPILER_APPICON_NAME = AppIcon;
				ASSETCATALOG_COMPILER_GLOBAL_ACCENT_COLOR_NAME = AccentColor;
				ASSETCATALOG_COMPILER_INCLUDE_ALL_APPICON_ASSETS = NO;
				CODE_SIGN_ENTITLEMENTS = fitness/fitness.entitlements;
				CODE_SIGN_STYLE = Automatic;
				CURRENT_PROJECT_VERSION = 1;
				DEAD_CODE_STRIPPING = YES;
				DEVELOPMENT_ASSET_PATHS = "\"fitness/Preview Content\"";
				DEVELOPMENT_TEAM = W5Q4S8G9K7;
				ENABLE_PREVIEWS = YES;
				GENERATE_INFOPLIST_FILE = YES;
				INFOPLIST_KEY_CFBundleDisplayName = Fitness;
				"INFOPLIST_KEY_UIApplicationSceneManifest_Generation[sdk=iphoneos*]" = YES;
				"INFOPLIST_KEY_UIApplicationSceneManifest_Generation[sdk=iphonesimulator*]" = YES;
				"INFOPLIST_KEY_UIApplicationSupportsIndirectInputEvents[sdk=iphoneos*]" = YES;
				"INFOPLIST_KEY_UIApplicationSupportsIndirectInputEvents[sdk=iphonesimulator*]" = YES;
				"INFOPLIST_KEY_UILaunchScreen_Generation[sdk=iphoneos*]" = YES;
				"INFOPLIST_KEY_UILaunchScreen_Generation[sdk=iphonesimulator*]" = YES;
				"INFOPLIST_KEY_UIStatusBarStyle[sdk=iphoneos*]" = UIStatusBarStyleDefault;
				"INFOPLIST_KEY_UIStatusBarStyle[sdk=iphonesimulator*]" = UIStatusBarStyleDefault;
				INFOPLIST_KEY_UISupportedInterfaceOrientations_iPad = "UIInterfaceOrientationPortrait UIInterfaceOrientationPortraitUpsideDown UIInterfaceOrientationLandscapeLeft UIInterfaceOrientationLandscapeRight";
				INFOPLIST_KEY_UISupportedInterfaceOrientations_iPhone = "UIInterfaceOrientationPortrait UIInterfaceOrientationLandscapeLeft UIInterfaceOrientationLandscapeRight";
				IPHONEOS_DEPLOYMENT_TARGET = 17.2;
				LD_RUNPATH_SEARCH_PATHS = "@executable_path/Frameworks";
				"LD_RUNPATH_SEARCH_PATHS[sdk=macosx*]" = "@executable_path/../Frameworks";
				MACOSX_DEPLOYMENT_TARGET = 14.2;
				MARKETING_VERSION = 1.0;
				PRODUCT_BUNDLE_IDENTIFIER = com.chieh.fitness;
				PRODUCT_NAME = "$(TARGET_NAME)";
				SDKROOT = auto;
				SUPPORTED_PLATFORMS = "iphoneos iphonesimulator macosx";
				SWIFT_EMIT_LOC_STRINGS = YES;
				SWIFT_VERSION = 5.0;
				TARGETED_DEVICE_FAMILY = "1,2";
			};
			name = Debug;
		};
		BBD90CB72C4EAFA1004FE536 /* Release */ = {
			isa = XCBuildConfiguration;
			buildSettings = {
				ASSETCATALOG_COMPILER_APPICON_NAME = AppIcon;
				ASSETCATALOG_COMPILER_GLOBAL_ACCENT_COLOR_NAME = AccentColor;
				ASSETCATALOG_COMPILER_INCLUDE_ALL_APPICON_ASSETS = NO;
				CODE_SIGN_ENTITLEMENTS = fitness/fitness.entitlements;
				CODE_SIGN_STYLE = Automatic;
				CURRENT_PROJECT_VERSION = 1;
				DEAD_CODE_STRIPPING = YES;
				DEVELOPMENT_ASSET_PATHS = "\"fitness/Preview Content\"";
				DEVELOPMENT_TEAM = W5Q4S8G9K7;
				ENABLE_PREVIEWS = YES;
				GENERATE_INFOPLIST_FILE = YES;
				INFOPLIST_KEY_CFBundleDisplayName = Fitness;
				"INFOPLIST_KEY_UIApplicationSceneManifest_Generation[sdk=iphoneos*]" = YES;
				"INFOPLIST_KEY_UIApplicationSceneManifest_Generation[sdk=iphonesimulator*]" = YES;
				"INFOPLIST_KEY_UIApplicationSupportsIndirectInputEvents[sdk=iphoneos*]" = YES;
				"INFOPLIST_KEY_UIApplicationSupportsIndirectInputEvents[sdk=iphonesimulator*]" = YES;
				"INFOPLIST_KEY_UILaunchScreen_Generation[sdk=iphoneos*]" = YES;
				"INFOPLIST_KEY_UILaunchScreen_Generation[sdk=iphonesimulator*]" = YES;
				"INFOPLIST_KEY_UIStatusBarStyle[sdk=iphoneos*]" = UIStatusBarStyleDefault;
				"INFOPLIST_KEY_UIStatusBarStyle[sdk=iphonesimulator*]" = UIStatusBarStyleDefault;
				INFOPLIST_KEY_UISupportedInterfaceOrientations_iPad = "UIInterfaceOrientationPortrait UIInterfaceOrientationPortraitUpsideDown UIInterfaceOrientationLandscapeLeft UIInterfaceOrientationLandscapeRight";
				INFOPLIST_KEY_UISupportedInterfaceOrientations_iPhone = "UIInterfaceOrientationPortrait UIInterfaceOrientationLandscapeLeft UIInterfaceOrientationLandscapeRight";
				IPHONEOS_DEPLOYMENT_TARGET = 17.2;
				LD_RUNPATH_SEARCH_PATHS = "@executable_path/Frameworks";
				"LD_RUNPATH_SEARCH_PATHS[sdk=macosx*]" = "@executable_path/../Frameworks";
				MACOSX_DEPLOYMENT_TARGET = 14.2;
				MARKETING_VERSION = 1.0;
				PRODUCT_BUNDLE_IDENTIFIER = com.chieh.fitness;
				PRODUCT_NAME = "$(TARGET_NAME)";
				SDKROOT = auto;
				SUPPORTED_PLATFORMS = "iphoneos iphonesimulator macosx";
				SWIFT_EMIT_LOC_STRINGS = YES;
				SWIFT_VERSION = 5.0;
				TARGETED_DEVICE_FAMILY = "1,2";
			};
			name = Release;
		};
/* End XCBuildConfiguration section */

/* Begin XCConfigurationList section */
		BBD90CA12C4EAF9E004FE536 /* Build configuration list for PBXProject "fitness" */ = {
			isa = XCConfigurationList;
			buildConfigurations = (
				BBD90CB32C4EAFA1004FE536 /* Debug */,
				BBD90CB42C4EAFA1004FE536 /* Release */,
			);
			defaultConfigurationIsVisible = 0;
			defaultConfigurationName = Release;
		};
		BBD90CB52C4EAFA1004FE536 /* Build configuration list for PBXNativeTarget "fitness" */ = {
			isa = XCConfigurationList;
			buildConfigurations = (
				BBD90CB62C4EAFA1004FE536 /* Debug */,
				BBD90CB72C4EAFA1004FE536 /* Release */,
			);
			defaultConfigurationIsVisible = 0;
			defaultConfigurationName = Release;
		};
/* End XCConfigurationList section */
	};
	rootObject = BBD90C9E2C4EAF9E004FE536 /* Project object */;
}
